{
    "_meta": {
        "hash": {
            "sha256": "c047529f4b290de77e98fe599a8e96140678e8a06441b98b1fa5c09ba6003969"
        },
        "pipfile-spec": 6,
        "requires": {
            "python_version": "3.6"
        },
        "sources": [
            {
                "name": "pypi",
                "url": "https://pypi.org/simple",
                "verify_ssl": true
            }
        ]
    },
    "default": {
        "bitarray": {
            "hashes": [
                "sha256:050cd30b810ddb3aa941e7ddfbe0d8065e793012d0a88cb5739ec23624b9895e"
            ],
            "index": "pypi",
            "version": "==0.8.3"
        },
        "python-vlc": {
            "hashes": [
                "sha256:b6cb026dcd65a367b95a37d37eb461e7ae9be261617884679e3e7cadae891068"
            ],
            "index": "pypi",
            "version": "==3.0.4106"
        }
    },
    "develop": {}
}
